
Microsoft Visual Studio Solution File, Format Version 12.00
# Visual Studio Version 17
VisualStudioVersion = 17.9.34714.143
MinimumVisualStudioVersion = 10.0.40219.1
Project("{9A19103F-16F7-4668-BE54-9A1E7A4F7556}") = "quizClass1", "class1\quizClass1.csproj", "{5E74981C-3BE6-405D-98DA-D584BE6ED386}"
EndProject
Project("{9A19103F-16F7-4668-BE54-9A1E7A4F7556}") = "staticMember", "staticMember\staticMember.csproj", "{8656C218-6F8B-4891-A4DC-17822670D936}"
EndProject
Project("{9A19103F-16F7-4668-BE54-9A1E7A4F7556}") = "staticmemberApp", "staticmemberApp\staticmemberApp.csproj", "{DC878536-8ECA-40A3-BCE6-2B29F5A55E4B}"
EndProject
Project("{9A19103F-16F7-4668-BE54-9A1E7A4F7556}") = "RepositoryPattern", "RepositoryPattern\RepositoryPattern.csproj", "{1565208A-AB34-47EE-B16B-2BF8F314157F}"
EndProject
Project("{9A19103F-16F7-4668-BE54-9A1E7A4F7556}") = "Collections", "Collections\Collections.csproj", "{6788BA13-97FA-4620-A651-C6CCDEFA761D}"
EndProject
Project("{FAE04EC0-301F-11D3-BF4B-00C04F79EFBC}") = "ExceptionHandling", "ExceptionHandling\ExceptionHandling.csproj", "{5BF26DE8-22A1-4DE2-A1DA-5914B16E3D62}"
EndProject
Project("{FAE04EC0-301F-11D3-BF4B-00C04F79EFBC}") = "ExceptionHandlingApp", "ExceptionHandlingApp\ExceptionHandlingApp.csproj", "{F4F410A3-3181-4D05-B52A-712F67F26FC9}"
EndProject
Project("{FAE04EC0-301F-11D3-BF4B-00C04F79EFBC}") = "ExceptionHandlingClass", "ExceptionHandlingClass\ExceptionHandlingClass.csproj", "{7A0159E0-92B3-45BC-8AE5-3C542ED289CF}"
EndProject
Global
	GlobalSection(SolutionConfigurationPlatforms) = preSolution
		Debug|Any CPU = Debug|Any CPU
		Release|Any CPU = Release|Any CPU
	EndGlobalSection
	GlobalSection(ProjectConfigurationPlatforms) = postSolution
		{5E74981C-3BE6-405D-98DA-D584BE6ED386}.Debug|Any CPU.ActiveCfg = Debug|Any CPU
		{5E74981C-3BE6-405D-98DA-D584BE6ED386}.Debug|Any CPU.Build.0 = Debug|Any CPU
		{5E74981C-3BE6-405D-98DA-D584BE6ED386}.Release|Any CPU.ActiveCfg = Release|Any CPU
		{5E74981C-3BE6-405D-98DA-D584BE6ED386}.Release|Any CPU.Build.0 = Release|Any CPU
		{8656C218-6F8B-4891-A4DC-17822670D936}.Debug|Any CPU.ActiveCfg = Debug|Any CPU
		{8656C218-6F8B-4891-A4DC-17822670D936}.Debug|Any CPU.Build.0 = Debug|Any CPU
		{8656C218-6F8B-4891-A4DC-17822670D936}.Release|Any CPU.ActiveCfg = Release|Any CPU
		{8656C218-6F8B-4891-A4DC-17822670D936}.Release|Any CPU.Build.0 = Release|Any CPU
		{DC878536-8ECA-40A3-BCE6-2B29F5A55E4B}.Debug|Any CPU.ActiveCfg = Debug|Any CPU
		{DC878536-8ECA-40A3-BCE6-2B29F5A55E4B}.Debug|Any CPU.Build.0 = Debug|Any CPU
		{DC878536-8ECA-40A3-BCE6-2B29F5A55E4B}.Release|Any CPU.ActiveCfg = Release|Any CPU
		{DC878536-8ECA-40A3-BCE6-2B29F5A55E4B}.Release|Any CPU.Build.0 = Release|Any CPU
		{1565208A-AB34-47EE-B16B-2BF8F314157F}.Debug|Any CPU.ActiveCfg = Debug|Any CPU
		{1565208A-AB34-47EE-B16B-2BF8F314157F}.Debug|Any CPU.Build.0 = Debug|Any CPU
		{1565208A-AB34-47EE-B16B-2BF8F314157F}.Release|Any CPU.ActiveCfg = Release|Any CPU
		{1565208A-AB34-47EE-B16B-2BF8F314157F}.Release|Any CPU.Build.0 = Release|Any CPU
		{6788BA13-97FA-4620-A651-C6CCDEFA761D}.Debug|Any CPU.ActiveCfg = Debug|Any CPU
		{6788BA13-97FA-4620-A651-C6CCDEFA761D}.Debug|Any CPU.Build.0 = Debug|Any CPU
		{6788BA13-97FA-4620-A651-C6CCDEFA761D}.Release|Any CPU.ActiveCfg = Release|Any CPU
		{6788BA13-97FA-4620-A651-C6CCDEFA761D}.Release|Any CPU.Build.0 = Release|Any CPU
		{5BF26DE8-22A1-4DE2-A1DA-5914B16E3D62}.Debug|Any CPU.ActiveCfg = Debug|Any CPU
		{5BF26DE8-22A1-4DE2-A1DA-5914B16E3D62}.Debug|Any CPU.Build.0 = Debug|Any CPU
		{5BF26DE8-22A1-4DE2-A1DA-5914B16E3D62}.Release|Any CPU.ActiveCfg = Release|Any CPU
		{5BF26DE8-22A1-4DE2-A1DA-5914B16E3D62}.Release|Any CPU.Build.0 = Release|Any CPU
		{F4F410A3-3181-4D05-B52A-712F67F26FC9}.Debug|Any CPU.ActiveCfg = Debug|Any CPU
		{F4F410A3-3181-4D05-B52A-712F67F26FC9}.Debug|Any CPU.Build.0 = Debug|Any CPU
		{F4F410A3-3181-4D05-B52A-712F67F26FC9}.Release|Any CPU.ActiveCfg = Release|Any CPU
		{F4F410A3-3181-4D05-B52A-712F67F26FC9}.Release|Any CPU.Build.0 = Release|Any CPU
		{7A0159E0-92B3-45BC-8AE5-3C542ED289CF}.Debug|Any CPU.ActiveCfg = Debug|Any CPU
		{7A0159E0-92B3-45BC-8AE5-3C542ED289CF}.Debug|Any CPU.Build.0 = Debug|Any CPU
		{7A0159E0-92B3-45BC-8AE5-3C542ED289CF}.Release|Any CPU.ActiveCfg = Release|Any CPU
		{7A0159E0-92B3-45BC-8AE5-3C542ED289CF}.Release|Any CPU.Build.0 = Release|Any CPU
	EndGlobalSection
	GlobalSection(SolutionProperties) = preSolution
		HideSolutionNode = FALSE
	EndGlobalSection
	GlobalSection(ExtensibilityGlobals) = postSolution
		SolutionGuid = {07C89083-C797-4721-989E-636C4CB3E05E}
	EndGlobalSection
EndGlobal
